
Microsoft Visual Studio Solution File, Format Version 12.00
# Visual Studio 15
VisualStudioVersion = 15.0.28307.1000
MinimumVisualStudioVersion = 10.0.40219.1
Project("{8BC9CEB8-8B4A-11D0-8D11-00A0C91BC942}") = "Lab_1_2020_Malibroda", "Lab_1_2020_Malibroda\Lab_1_2020_Malibroda.vcxproj", "{CD339013-B304-4953-9237-0D7594E7DA59}"
EndProject
Global
	GlobalSection(SolutionConfigurationPlatforms) = preSolution
		Debug|x64 = Debug|x64
		Debug|x86 = Debug|x86
		Release|x64 = Release|x64
		Release|x86 = Release|x86
	EndGlobalSection
	GlobalSection(ProjectConfigurationPlatforms) = postSolution
		{CD339013-B304-4953-9237-0D7594E7DA59}.Debug|x64.ActiveCfg = Debug|x64
		{CD339013-B304-4953-9237-0D7594E7DA59}.Debug|x64.Build.0 = Debug|x64
		{CD339013-B304-4953-9237-0D7594E7DA59}.Debug|x86.ActiveCfg = Debug|Win32
		{CD339013-B304-4953-9237-0D7594E7DA59}.Debug|x86.Build.0 = Debug|Win32
		{CD339013-B304-4953-9237-0D7594E7DA59}.Release|x64.ActiveCfg = Release|x64
		{CD339013-B304-4953-9237-0D7594E7DA59}.Release|x64.Build.0 = Release|x64
		{CD339013-B304-4953-9237-0D7594E7DA59}.Release|x86.ActiveCfg = Release|Win32
		{CD339013-B304-4953-9237-0D7594E7DA59}.Release|x86.Build.0 = Release|Win32
	EndGlobalSection
	GlobalSection(SolutionProperties) = preSolution
		HideSolutionNode = FALSE
	EndGlobalSection
	GlobalSection(ExtensibilityGlobals) = postSolution
		SolutionGuid = {F4DD1ACC-41F6-440C-A78B-FD33A005E2A2}
	EndGlobalSection
EndGlobal
