
Microsoft Visual Studio Solution File, Format Version 12.00
# Visual Studio Version 16
VisualStudioVersion = 16.0.30002.166
MinimumVisualStudioVersion = 10.0.40219.1
Project("{8BC9CEB8-8B4A-11D0-8D11-00A0C91BC942}") = "Lab_6_Malibroda_2020", "Lab_6_Malibroda_2020\Lab_6_Malibroda_2020.vcxproj", "{01900217-E2D1-461B-BE62-353FD974500E}"
EndProject
Global
	GlobalSection(SolutionConfigurationPlatforms) = preSolution
		Debug|x64 = Debug|x64
		Debug|x86 = Debug|x86
		Release|x64 = Release|x64
		Release|x86 = Release|x86
	EndGlobalSection
	GlobalSection(ProjectConfigurationPlatforms) = postSolution
		{01900217-E2D1-461B-BE62-353FD974500E}.Debug|x64.ActiveCfg = Debug|x64
		{01900217-E2D1-461B-BE62-353FD974500E}.Debug|x64.Build.0 = Debug|x64
		{01900217-E2D1-461B-BE62-353FD974500E}.Debug|x86.ActiveCfg = Debug|Win32
		{01900217-E2D1-461B-BE62-353FD974500E}.Debug|x86.Build.0 = Debug|Win32
		{01900217-E2D1-461B-BE62-353FD974500E}.Release|x64.ActiveCfg = Release|x64
		{01900217-E2D1-461B-BE62-353FD974500E}.Release|x64.Build.0 = Release|x64
		{01900217-E2D1-461B-BE62-353FD974500E}.Release|x86.ActiveCfg = Release|Win32
		{01900217-E2D1-461B-BE62-353FD974500E}.Release|x86.Build.0 = Release|Win32
	EndGlobalSection
	GlobalSection(SolutionProperties) = preSolution
		HideSolutionNode = FALSE
	EndGlobalSection
	GlobalSection(ExtensibilityGlobals) = postSolution
		SolutionGuid = {4E5F2235-49B2-4BDA-B510-407E21AC0701}
	EndGlobalSection
EndGlobal
